
Microsoft Visual Studio Solution File, Format Version 11.00
# Visual Studio 2010
Project("{8BC9CEB8-8B4A-11D0-8D11-00A0C91BC942}") = "TKSCstk", "TKSCstk\TKSCstk.vcxproj", "{4889B18E-259C-4034-8C5E-D8CAB17ACACA}"
EndProject
Project("{8BC9CEB8-8B4A-11D0-8D11-00A0C91BC942}") = "TKSCstkLite", "TKSCstkLite\TKSCstkLite.vcxproj", "{5602B2EE-F282-45C7-B60E-0F2379641B16}"
EndProject
Project("{8BC9CEB8-8B4A-11D0-8D11-00A0C91BC942}") = "TKSKmsCstk", "TKSKmsCstk\TKSKmsCstk.vcxproj", "{A6509EC3-9036-40F7-9CCF-D2DEBE938920}"
EndProject
Project("{8BC9CEB8-8B4A-11D0-8D11-00A0C91BC942}") = "TKSKmsCstkLite", "TKSKmsCstkLite\TKSKmsCstkLite.vcxproj", "{5881A69F-CB7C-43F3-A976-B872B44DB9CE}"
EndProject
Project("{8BC9CEB8-8B4A-11D0-8D11-00A0C91BC942}") = "TestTKSCstk", "TestTKSCstk\TestTKSCstk.vcxproj", "{1DB8AD9F-56EC-45C6-B220-9D9435DF964E}"
	ProjectSection(ProjectDependencies) = postProject
		{4889B18E-259C-4034-8C5E-D8CAB17ACACA} = {4889B18E-259C-4034-8C5E-D8CAB17ACACA}
	EndProjectSection
EndProject
Project("{8BC9CEB8-8B4A-11D0-8D11-00A0C91BC942}") = "TestTKSCstkLite", "TestTKSCstkLite\TestTKSCstkLite.vcxproj", "{19B5BBA2-1EB9-4B48-A191-DEEE539C0D2B}"
	ProjectSection(ProjectDependencies) = postProject
		{5602B2EE-F282-45C7-B60E-0F2379641B16} = {5602B2EE-F282-45C7-B60E-0F2379641B16}
	EndProjectSection
EndProject
Project("{8BC9CEB8-8B4A-11D0-8D11-00A0C91BC942}") = "TestTKSKmsCstk", "TestTKSKmsCstk\TestTKSKmsCstk.vcxproj", "{B020B246-E5C7-4FA1-B4D7-34D7D2B2B841}"
	ProjectSection(ProjectDependencies) = postProject
		{A6509EC3-9036-40F7-9CCF-D2DEBE938920} = {A6509EC3-9036-40F7-9CCF-D2DEBE938920}
	EndProjectSection
EndProject
Project("{8BC9CEB8-8B4A-11D0-8D11-00A0C91BC942}") = "TestTKSKmsCstkLite", "TestTKSKmsCstkLite\TestTKSKmsCstkLite.vcxproj", "{D62DD652-4089-4EBA-A441-32B54340C2B9}"
	ProjectSection(ProjectDependencies) = postProject
		{5881A69F-CB7C-43F3-A976-B872B44DB9CE} = {5881A69F-CB7C-43F3-A976-B872B44DB9CE}
	EndProjectSection
EndProject
Global
	GlobalSection(SolutionConfigurationPlatforms) = preSolution
		Debug|Win32 = Debug|Win32
		Debug|x64 = Debug|x64
		Release|Win32 = Release|Win32
		Release|x64 = Release|x64
	EndGlobalSection
	GlobalSection(ProjectConfigurationPlatforms) = postSolution
		{4889B18E-259C-4034-8C5E-D8CAB17ACACA}.Debug|Win32.ActiveCfg = Debug|Win32
		{4889B18E-259C-4034-8C5E-D8CAB17ACACA}.Debug|Win32.Build.0 = Debug|Win32
		{4889B18E-259C-4034-8C5E-D8CAB17ACACA}.Debug|x64.ActiveCfg = Debug|x64
		{4889B18E-259C-4034-8C5E-D8CAB17ACACA}.Debug|x64.Build.0 = Debug|x64
		{4889B18E-259C-4034-8C5E-D8CAB17ACACA}.Release|Win32.ActiveCfg = Release|Win32
		{4889B18E-259C-4034-8C5E-D8CAB17ACACA}.Release|Win32.Build.0 = Release|Win32
		{4889B18E-259C-4034-8C5E-D8CAB17ACACA}.Release|x64.ActiveCfg = Release|x64
		{4889B18E-259C-4034-8C5E-D8CAB17ACACA}.Release|x64.Build.0 = Release|x64
		{5602B2EE-F282-45C7-B60E-0F2379641B16}.Debug|Win32.ActiveCfg = Debug|Win32
		{5602B2EE-F282-45C7-B60E-0F2379641B16}.Debug|Win32.Build.0 = Debug|Win32
		{5602B2EE-F282-45C7-B60E-0F2379641B16}.Debug|x64.ActiveCfg = Debug|x64
		{5602B2EE-F282-45C7-B60E-0F2379641B16}.Debug|x64.Build.0 = Debug|x64
		{5602B2EE-F282-45C7-B60E-0F2379641B16}.Release|Win32.ActiveCfg = Release|Win32
		{5602B2EE-F282-45C7-B60E-0F2379641B16}.Release|Win32.Build.0 = Release|Win32
		{5602B2EE-F282-45C7-B60E-0F2379641B16}.Release|x64.ActiveCfg = Release|x64
		{5602B2EE-F282-45C7-B60E-0F2379641B16}.Release|x64.Build.0 = Release|x64
		{A6509EC3-9036-40F7-9CCF-D2DEBE938920}.Debug|Win32.ActiveCfg = Debug|Win32
		{A6509EC3-9036-40F7-9CCF-D2DEBE938920}.Debug|Win32.Build.0 = Debug|Win32
		{A6509EC3-9036-40F7-9CCF-D2DEBE938920}.Debug|x64.ActiveCfg = Debug|x64
		{A6509EC3-9036-40F7-9CCF-D2DEBE938920}.Debug|x64.Build.0 = Debug|x64
		{A6509EC3-9036-40F7-9CCF-D2DEBE938920}.Release|Win32.ActiveCfg = Release|Win32
		{A6509EC3-9036-40F7-9CCF-D2DEBE938920}.Release|Win32.Build.0 = Release|Win32
		{A6509EC3-9036-40F7-9CCF-D2DEBE938920}.Release|x64.ActiveCfg = Release|x64
		{A6509EC3-9036-40F7-9CCF-D2DEBE938920}.Release|x64.Build.0 = Release|x64
		{5881A69F-CB7C-43F3-A976-B872B44DB9CE}.Debug|Win32.ActiveCfg = Debug|Win32
		{5881A69F-CB7C-43F3-A976-B872B44DB9CE}.Debug|Win32.Build.0 = Debug|Win32
		{5881A69F-CB7C-43F3-A976-B872B44DB9CE}.Debug|x64.ActiveCfg = Debug|x64
		{5881A69F-CB7C-43F3-A976-B872B44DB9CE}.Debug|x64.Build.0 = Debug|x64
		{5881A69F-CB7C-43F3-A976-B872B44DB9CE}.Release|Win32.ActiveCfg = Release|Win32
		{5881A69F-CB7C-43F3-A976-B872B44DB9CE}.Release|Win32.Build.0 = Release|Win32
		{5881A69F-CB7C-43F3-A976-B872B44DB9CE}.Release|x64.ActiveCfg = Release|x64
		{5881A69F-CB7C-43F3-A976-B872B44DB9CE}.Release|x64.Build.0 = Release|x64
		{1DB8AD9F-56EC-45C6-B220-9D9435DF964E}.Debug|Win32.ActiveCfg = Debug|Win32
		{1DB8AD9F-56EC-45C6-B220-9D9435DF964E}.Debug|Win32.Build.0 = Debug|Win32
		{1DB8AD9F-56EC-45C6-B220-9D9435DF964E}.Debug|x64.ActiveCfg = Debug|x64
		{1DB8AD9F-56EC-45C6-B220-9D9435DF964E}.Debug|x64.Build.0 = Debug|x64
		{1DB8AD9F-56EC-45C6-B220-9D9435DF964E}.Release|Win32.ActiveCfg = Release|Win32
		{1DB8AD9F-56EC-45C6-B220-9D9435DF964E}.Release|Win32.Build.0 = Release|Win32
		{1DB8AD9F-56EC-45C6-B220-9D9435DF964E}.Release|x64.ActiveCfg = Release|x64
		{1DB8AD9F-56EC-45C6-B220-9D9435DF964E}.Release|x64.Build.0 = Release|x64
		{19B5BBA2-1EB9-4B48-A191-DEEE539C0D2B}.Debug|Win32.ActiveCfg = Debug|Win32
		{19B5BBA2-1EB9-4B48-A191-DEEE539C0D2B}.Debug|Win32.Build.0 = Debug|Win32
		{19B5BBA2-1EB9-4B48-A191-DEEE539C0D2B}.Debug|x64.ActiveCfg = Debug|x64
		{19B5BBA2-1EB9-4B48-A191-DEEE539C0D2B}.Debug|x64.Build.0 = Debug|x64
		{19B5BBA2-1EB9-4B48-A191-DEEE539C0D2B}.Release|Win32.ActiveCfg = Release|Win32
		{19B5BBA2-1EB9-4B48-A191-DEEE539C0D2B}.Release|Win32.Build.0 = Release|Win32
		{19B5BBA2-1EB9-4B48-A191-DEEE539C0D2B}.Release|x64.ActiveCfg = Release|x64
		{19B5BBA2-1EB9-4B48-A191-DEEE539C0D2B}.Release|x64.Build.0 = Release|x64
		{B020B246-E5C7-4FA1-B4D7-34D7D2B2B841}.Debug|Win32.ActiveCfg = Debug|Win32
		{B020B246-E5C7-4FA1-B4D7-34D7D2B2B841}.Debug|Win32.Build.0 = Debug|Win32
		{B020B246-E5C7-4FA1-B4D7-34D7D2B2B841}.Debug|x64.ActiveCfg = Debug|x64
		{B020B246-E5C7-4FA1-B4D7-34D7D2B2B841}.Debug|x64.Build.0 = Debug|x64
		{B020B246-E5C7-4FA1-B4D7-34D7D2B2B841}.Release|Win32.ActiveCfg = Release|Win32
		{B020B246-E5C7-4FA1-B4D7-34D7D2B2B841}.Release|Win32.Build.0 = Release|Win32
		{B020B246-E5C7-4FA1-B4D7-34D7D2B2B841}.Release|x64.ActiveCfg = Release|x64
		{B020B246-E5C7-4FA1-B4D7-34D7D2B2B841}.Release|x64.Build.0 = Release|x64
		{D62DD652-4089-4EBA-A441-32B54340C2B9}.Debug|Win32.ActiveCfg = Debug|Win32
		{D62DD652-4089-4EBA-A441-32B54340C2B9}.Debug|Win32.Build.0 = Debug|Win32
		{D62DD652-4089-4EBA-A441-32B54340C2B9}.Debug|x64.ActiveCfg = Debug|x64
		{D62DD652-4089-4EBA-A441-32B54340C2B9}.Debug|x64.Build.0 = Debug|x64
		{D62DD652-4089-4EBA-A441-32B54340C2B9}.Release|Win32.ActiveCfg = Release|Win32
		{D62DD652-4089-4EBA-A441-32B54340C2B9}.Release|Win32.Build.0 = Release|Win32
		{D62DD652-4089-4EBA-A441-32B54340C2B9}.Release|x64.ActiveCfg = Release|x64
		{D62DD652-4089-4EBA-A441-32B54340C2B9}.Release|x64.Build.0 = Release|x64
	EndGlobalSection
	GlobalSection(SolutionProperties) = preSolution
		HideSolutionNode = FALSE
	EndGlobalSection
EndGlobal
