
Microsoft Visual Studio Solution File, Format Version 11.00
# Visual Studio 2010
Project("{8BC9CEB8-8B4A-11D0-8D11-00A0C91BC942}") = "tnkmscryptolite", "tnkmscryptolite\tnkmscryptolite.vcxproj", "{8BDC90EA-3662-45BC-88FB-E0F205E26F09}"
EndProject
Project("{8BC9CEB8-8B4A-11D0-8D11-00A0C91BC942}") = "sample", "sample\sample.vcxproj", "{282588B1-AD76-4FCF-89CF-814A6F93BF43}"
	ProjectSection(ProjectDependencies) = postProject
		{8BDC90EA-3662-45BC-88FB-E0F205E26F09} = {8BDC90EA-3662-45BC-88FB-E0F205E26F09}
	EndProjectSection
EndProject
Global
	GlobalSection(SolutionConfigurationPlatforms) = preSolution
		Debug|Win32 = Debug|Win32
		Debug|x64 = Debug|x64
		Release|Win32 = Release|Win32
		Release|x64 = Release|x64
	EndGlobalSection
	GlobalSection(ProjectConfigurationPlatforms) = postSolution
		{8BDC90EA-3662-45BC-88FB-E0F205E26F09}.Debug|Win32.ActiveCfg = Debug|Win32
		{8BDC90EA-3662-45BC-88FB-E0F205E26F09}.Debug|Win32.Build.0 = Debug|Win32
		{8BDC90EA-3662-45BC-88FB-E0F205E26F09}.Debug|x64.ActiveCfg = Debug|x64
		{8BDC90EA-3662-45BC-88FB-E0F205E26F09}.Debug|x64.Build.0 = Debug|x64
		{8BDC90EA-3662-45BC-88FB-E0F205E26F09}.Release|Win32.ActiveCfg = Release|Win32
		{8BDC90EA-3662-45BC-88FB-E0F205E26F09}.Release|Win32.Build.0 = Release|Win32
		{8BDC90EA-3662-45BC-88FB-E0F205E26F09}.Release|x64.ActiveCfg = Release|x64
		{8BDC90EA-3662-45BC-88FB-E0F205E26F09}.Release|x64.Build.0 = Release|x64
		{282588B1-AD76-4FCF-89CF-814A6F93BF43}.Debug|Win32.ActiveCfg = Debug|Win32
		{282588B1-AD76-4FCF-89CF-814A6F93BF43}.Debug|Win32.Build.0 = Debug|Win32
		{282588B1-AD76-4FCF-89CF-814A6F93BF43}.Debug|x64.ActiveCfg = Debug|x64
		{282588B1-AD76-4FCF-89CF-814A6F93BF43}.Debug|x64.Build.0 = Debug|x64
		{282588B1-AD76-4FCF-89CF-814A6F93BF43}.Release|Win32.ActiveCfg = Release|Win32
		{282588B1-AD76-4FCF-89CF-814A6F93BF43}.Release|Win32.Build.0 = Release|Win32
		{282588B1-AD76-4FCF-89CF-814A6F93BF43}.Release|x64.ActiveCfg = Release|x64
		{282588B1-AD76-4FCF-89CF-814A6F93BF43}.Release|x64.Build.0 = Release|x64
	EndGlobalSection
	GlobalSection(SolutionProperties) = preSolution
		HideSolutionNode = FALSE
	EndGlobalSection
EndGlobal
