
Microsoft Visual Studio Solution File, Format Version 11.00
# Visual Studio 2010
Project("{8BC9CEB8-8B4A-11D0-8D11-00A0C91BC942}") = "tnkmscrypto", "tnkmscrypto\tnkmscrypto.vcxproj", "{1821A476-3440-4D47-B547-CD5D00E9F0EB}"
EndProject
Project("{8BC9CEB8-8B4A-11D0-8D11-00A0C91BC942}") = "sample", "sample\sample.vcxproj", "{5CBF5820-F298-43AF-8C35-042B4CF19A0E}"
	ProjectSection(ProjectDependencies) = postProject
		{1821A476-3440-4D47-B547-CD5D00E9F0EB} = {1821A476-3440-4D47-B547-CD5D00E9F0EB}
	EndProjectSection
EndProject
Global
	GlobalSection(SolutionConfigurationPlatforms) = preSolution
		Debug|Win32 = Debug|Win32
		Debug|x64 = Debug|x64
		Release|Win32 = Release|Win32
		Release|x64 = Release|x64
	EndGlobalSection
	GlobalSection(ProjectConfigurationPlatforms) = postSolution
		{1821A476-3440-4D47-B547-CD5D00E9F0EB}.Debug|Win32.ActiveCfg = Debug|Win32
		{1821A476-3440-4D47-B547-CD5D00E9F0EB}.Debug|Win32.Build.0 = Debug|Win32
		{1821A476-3440-4D47-B547-CD5D00E9F0EB}.Debug|x64.ActiveCfg = Debug|x64
		{1821A476-3440-4D47-B547-CD5D00E9F0EB}.Debug|x64.Build.0 = Debug|x64
		{1821A476-3440-4D47-B547-CD5D00E9F0EB}.Release|Win32.ActiveCfg = Release|Win32
		{1821A476-3440-4D47-B547-CD5D00E9F0EB}.Release|Win32.Build.0 = Release|Win32
		{1821A476-3440-4D47-B547-CD5D00E9F0EB}.Release|x64.ActiveCfg = Release|x64
		{1821A476-3440-4D47-B547-CD5D00E9F0EB}.Release|x64.Build.0 = Release|x64
		{5CBF5820-F298-43AF-8C35-042B4CF19A0E}.Debug|Win32.ActiveCfg = Debug|Win32
		{5CBF5820-F298-43AF-8C35-042B4CF19A0E}.Debug|Win32.Build.0 = Debug|Win32
		{5CBF5820-F298-43AF-8C35-042B4CF19A0E}.Debug|x64.ActiveCfg = Debug|x64
		{5CBF5820-F298-43AF-8C35-042B4CF19A0E}.Debug|x64.Build.0 = Debug|x64
		{5CBF5820-F298-43AF-8C35-042B4CF19A0E}.Release|Win32.ActiveCfg = Release|Win32
		{5CBF5820-F298-43AF-8C35-042B4CF19A0E}.Release|Win32.Build.0 = Release|Win32
		{5CBF5820-F298-43AF-8C35-042B4CF19A0E}.Release|x64.ActiveCfg = Release|x64
		{5CBF5820-F298-43AF-8C35-042B4CF19A0E}.Release|x64.Build.0 = Release|x64
	EndGlobalSection
	GlobalSection(SolutionProperties) = preSolution
		HideSolutionNode = FALSE
	EndGlobalSection
EndGlobal
